
Microsoft Visual Studio Solution File, Format Version 11.00
# Visual Studio 2010
Project("{8BC9CEB8-8B4A-11D0-8D11-00A0C91BC942}") = "ToolKit", "ToolKit\ToolKit.vcxproj", "{662258BC-D3E2-49B9-B0A4-0A08DB01094C}"
EndProject
Global
	GlobalSection(SolutionConfigurationPlatforms) = preSolution
		Debug|Win32 = Debug|Win32
		Release|Win32 = Release|Win32
	EndGlobalSection
	GlobalSection(ProjectConfigurationPlatforms) = postSolution
		{662258BC-D3E2-49B9-B0A4-0A08DB01094C}.Debug|Win32.ActiveCfg = Debug|Win32
		{662258BC-D3E2-49B9-B0A4-0A08DB01094C}.Debug|Win32.Build.0 = Debug|Win32
		{662258BC-D3E2-49B9-B0A4-0A08DB01094C}.Release|Win32.ActiveCfg = Release|Win32
		{662258BC-D3E2-49B9-B0A4-0A08DB01094C}.Release|Win32.Build.0 = Release|Win32
	EndGlobalSection
	GlobalSection(SolutionProperties) = preSolution
		HideSolutionNode = FALSE
	EndGlobalSection
EndGlobal
