<?xml version="1.0" encoding="utf-8"?>
<Project ToolsVersion="4.0" xmlns="http://schemas.microsoft.com/developer/msbuild/2003">
  <ItemGroup>
    <Filter Include="Source Files">
      <UniqueIdentifier>{4FC737F1-C7A5-4376-A066-2A32D752A2FF}</UniqueIdentifier>
      <Extensions>cpp;c;cc;cxx;def;odl;idl;hpj;bat;asm;asmx</Extensions>
    </Filter>
    <Filter Include="Header Files">
      <UniqueIdentifier>{93995380-89BD-4b04-88EB-625FBE52EBFB}</UniqueIdentifier>
      <Extensions>h;hpp;hxx;hm;inl;inc;xsd</Extensions>
    </Filter>
    <Filter Include="Resource Files">
      <UniqueIdentifier>{67DA6AB6-F800-4c08-8B7A-83BB121AAD01}</UniqueIdentifier>
      <Extensions>rc;ico;cur;bmp;dlg;rc2;rct;bin;rgs;gif;jpg;jpeg;jpe;resx;tiff;tif;png;wav;mfcribbon-ms</Extensions>
    </Filter>
    <Filter Include="library">
      <UniqueIdentifier>{45d4445a-9ff5-498f-a0b3-1bff9054194f}</UniqueIdentifier>
    </Filter>
    <Filter Include="include">
      <UniqueIdentifier>{268ea260-48c2-4d7a-9210-dd7756b139a2}</UniqueIdentifier>
    </Filter>
  </ItemGroup>
  <ItemGroup>
    <None Include="ReadMe.txt" />
    <None Include="res\ToolKit.rc2">
      <Filter>Resource Files</Filter>
    </None>
    <None Include="res\ToolKit.ico">
      <Filter>Resource Files</Filter>
    </None>
  </ItemGroup>
  <ItemGroup>
    <ClInclude Include="ToolKit.h">
      <Filter>Header Files</Filter>
    </ClInclude>
    <ClInclude Include="ToolKitDlg.h">
      <Filter>Header Files</Filter>
    </ClInclude>
    <ClInclude Include="stdafx.h">
      <Filter>Header Files</Filter>
    </ClInclude>
    <ClInclude Include="targetver.h">
      <Filter>Header Files</Filter>
    </ClInclude>
    <ClInclude Include="Resource.h">
      <Filter>Header Files</Filter>
    </ClInclude>
    <ClInclude Include="ExecItemDlg.h">
      <Filter>Header Files</Filter>
    </ClInclude>
    <ClInclude Include="HotKeyListDlg.h">
      <Filter>Header Files</Filter>
    </ClInclude>
    <ClInclude Include="library\Base.h">
      <Filter>library</Filter>
    </ClInclude>
    <ClInclude Include="library\Ini.h">
      <Filter>library</Filter>
    </ClInclude>
    <ClInclude Include="library\Path.h">
      <Filter>library</Filter>
    </ClInclude>
    <ClInclude Include="library\Lib.h">
      <Filter>library</Filter>
    </ClInclude>
    <ClInclude Include="include\definition.h">
      <Filter>include</Filter>
    </ClInclude>
    <ClInclude Include="include\Config.h">
      <Filter>include</Filter>
    </ClInclude>
    <ClInclude Include="include\Execute.h">
      <Filter>include</Filter>
    </ClInclude>
    <ClInclude Include="ExecListDlg.h">
      <Filter>Header Files</Filter>
    </ClInclude>
    <ClInclude Include="library\Cvt.h">
      <Filter>library</Filter>
    </ClInclude>
    <ClInclude Include="HotKeyDlg.h">
      <Filter>Header Files</Filter>
    </ClInclude>
    <ClInclude Include="include\HotKey.h">
      <Filter>include</Filter>
    </ClInclude>
    <ClInclude Include="library\Shell.h">
      <Filter>library</Filter>
    </ClInclude>
  </ItemGroup>
  <ItemGroup>
    <ClCompile Include="ToolKit.cpp">
      <Filter>Source Files</Filter>
    </ClCompile>
    <ClCompile Include="ToolKitDlg.cpp">
      <Filter>Source Files</Filter>
    </ClCompile>
    <ClCompile Include="stdafx.cpp">
      <Filter>Source Files</Filter>
    </ClCompile>
    <ClCompile Include="ExecItemDlg.cpp">
      <Filter>Source Files</Filter>
    </ClCompile>
    <ClCompile Include="HotKeyListDlg.cpp">
      <Filter>Source Files</Filter>
    </ClCompile>
    <ClCompile Include="library\Base.cpp">
      <Filter>library</Filter>
    </ClCompile>
    <ClCompile Include="library\Ini.cpp">
      <Filter>library</Filter>
    </ClCompile>
    <ClCompile Include="library\Path.cpp">
      <Filter>library</Filter>
    </ClCompile>
    <ClCompile Include="include\Config.cpp">
      <Filter>include</Filter>
    </ClCompile>
    <ClCompile Include="include\Execute.cpp">
      <Filter>include</Filter>
    </ClCompile>
    <ClCompile Include="ExecListDlg.cpp">
      <Filter>Source Files</Filter>
    </ClCompile>
    <ClCompile Include="library\Cvt.cpp">
      <Filter>library</Filter>
    </ClCompile>
    <ClCompile Include="HotKeyDlg.cpp">
      <Filter>Source Files</Filter>
    </ClCompile>
    <ClCompile Include="include\HotKey.cpp">
      <Filter>include</Filter>
    </ClCompile>
    <ClCompile Include="library\Shell.cpp">
      <Filter>library</Filter>
    </ClCompile>
  </ItemGroup>
  <ItemGroup>
    <ResourceCompile Include="ToolKit.rc">
      <Filter>Resource Files</Filter>
    </ResourceCompile>
  </ItemGroup>
</Project>